
Microsoft Visual Studio Solution File, Format Version 12.00
# Visual Studio Version 17
VisualStudioVersion = 17.5.33530.505
MinimumVisualStudioVersion = 10.0.40219.1
Project("{FAE04EC0-301F-11D3-BF4B-00C04F79EFBC}") = "Numerics", "Numerics\Numerics.csproj", "{C1D2BC35-BAAB-4EFA-A571-206DB0612942}"
EndProject
Project("{FAE04EC0-301F-11D3-BF4B-00C04F79EFBC}") = "Numerics.Tests", "Numerics.Tests\Numerics.Tests.csproj", "{339CD7E5-130C-4FD6-B368-DE69BBC7876E}"
EndProject
Global
	GlobalSection(SolutionConfigurationPlatforms) = preSolution
		Debug|Any CPU = Debug|Any CPU
		Release|Any CPU = Release|Any CPU
	EndGlobalSection
	GlobalSection(ProjectConfigurationPlatforms) = postSolution
		{C1D2BC35-BAAB-4EFA-A571-206DB0612942}.Debug|Any CPU.ActiveCfg = Debug|Any CPU
		{C1D2BC35-BAAB-4EFA-A571-206DB0612942}.Debug|Any CPU.Build.0 = Debug|Any CPU
		{C1D2BC35-BAAB-4EFA-A571-206DB0612942}.Release|Any CPU.ActiveCfg = Release|Any CPU
		{C1D2BC35-BAAB-4EFA-A571-206DB0612942}.Release|Any CPU.Build.0 = Release|Any CPU
		{339CD7E5-130C-4FD6-B368-DE69BBC7876E}.Debug|Any CPU.ActiveCfg = Debug|Any CPU
		{339CD7E5-130C-4FD6-B368-DE69BBC7876E}.Debug|Any CPU.Build.0 = Debug|Any CPU
		{339CD7E5-130C-4FD6-B368-DE69BBC7876E}.Release|Any CPU.ActiveCfg = Release|Any CPU
		{339CD7E5-130C-4FD6-B368-DE69BBC7876E}.Release|Any CPU.Build.0 = Release|Any CPU
	EndGlobalSection
	GlobalSection(SolutionProperties) = preSolution
		HideSolutionNode = FALSE
	EndGlobalSection
	GlobalSection(ExtensibilityGlobals) = postSolution
		SolutionGuid = {870BC526-EF10-4C11-A3DD-C5B14D356B47}
	EndGlobalSection
EndGlobal
